// !$*UTF8*$!
{
	archiveVersion = 1;
	classes = {
	};
	objectVersion = 50;
	objects = {

/* Begin PBXBuildFile section */
		4F1D77032394D2E60017642E /* AppDelegate.m in Sources */ = {isa = PBXBuildFile; fileRef = 4F1D77022394D2E60017642E /* AppDelegate.m */; };
		4F1D77062394D2E60017642E /* SceneDelegate.m in Sources */ = {isa = PBXBuildFile; fileRef = 4F1D77052394D2E60017642E /* SceneDelegate.m */; };
		4F1D77092394D2E60017642E /* ViewController.m in Sources */ = {isa = PBXBuildFile; fileRef = 4F1D77082394D2E60017642E /* ViewController.m */; };
		4F1D770C2394D2E60017642E /* Main.storyboard in Resources */ = {isa = PBXBuildFile; fileRef = 4F1D770A2394D2E60017642E /* Main.storyboard */; };
		4F1D770E2394D2E70017642E /* Assets.xcassets in Resources */ = {isa = PBXBuildFile; fileRef = 4F1D770D2394D2E70017642E /* Assets.xcassets */; };
		4F1D77112394D2E70017642E /* LaunchScreen.storyboard in Resources */ = {isa = PBXBuildFile; fileRef = 4F1D770F2394D2E70017642E /* LaunchScreen.storyboard */; };
		4F1D77142394D2E70017642E /* main.m in Sources */ = {isa = PBXBuildFile; fileRef = 4F1D77132394D2E70017642E /* main.m */; };
		4F1D771C2394D31B0017642E /* NSURLSession+HookSession.m in Sources */ = {isa = PBXBuildFile; fileRef = 4F1D771B2394D31B0017642E /* NSURLSession+HookSession.m */; };
/* End PBXBuildFile section */

/* Begin PBXFileReference section */
		4F1D76FE2394D2E60017642E /* BetweenSessionAndConnectionDemo.app */ = {isa = PBXFileReference; explicitFileType = wrapper.application; includeInIndex = 0; path = BetweenSessionAndConnectionDemo.app; sourceTree = BUILT_PRODUCTS_DIR; };
		4F1D77012394D2E60017642E /* AppDelegate.h */ = {isa = PBXFileReference; lastKnownFileType = sourcecode.c.h; path = AppDelegate.h; sourceTree = "<group>"; };
		4F1D77022394D2E60017642E /* AppDelegate.m */ = {isa = PBXFileReference; lastKnownFileType = sourcecode.c.objc; path = AppDelegate.m; sourceTree = "<group>"; };
		4F1D77042394D2E60017642E /* SceneDelegate.h */ = {isa = PBXFileReference; lastKnownFileType = sourcecode.c.h; path = SceneDelegate.h; sourceTree = "<group>"; };
		4F1D77052394D2E60017642E /* SceneDelegate.m */ = {isa = PBXFileReference; lastKnownFileType = sourcecode.c.objc; path = SceneDelegate.m; sourceTree = "<group>"; };
		4F1D77072394D2E60017642E /* ViewController.h */ = {isa = PBXFileReference; lastKnownFileType = sourcecode.c.h; path = ViewController.h; sourceTree = "<group>"; };
		4F1D77082394D2E60017642E /* ViewController.m */ = {isa = PBXFileReference; lastKnownFileType = sourcecode.c.objc; path = ViewController.m; sourceTree = "<group>"; };
		4F1D770B2394D2E60017642E /* Base */ = {isa = PBXFileReference; lastKnownFileType = file.storyboard; name = Base; path = Base.lproj/Main.storyboard; sourceTree = "<group>"; };
		4F1D770D2394D2E70017642E /* Assets.xcassets */ = {isa = PBXFileReference; lastKnownFileType = folder.assetcatalog; path = Assets.xcassets; sourceTree = "<group>"; };
		4F1D77102394D2E70017642E /* Base */ = {isa = PBXFileReference; lastKnownFileType = file.storyboard; name = Base; path = Base.lproj/LaunchScreen.storyboard; sourceTree = "<group>"; };
		4F1D77122394D2E70017642E /* Info.plist */ = {isa = PBXFileReference; lastKnownFileType = text.plist.xml; path = Info.plist; sourceTree = "<group>"; };
		4F1D77132394D2E70017642E /* main.m */ = {isa = PBXFileReference; lastKnownFileType = sourcecode.c.objc; path = main.m; sourceTree = "<group>"; };
		4F1D771A2394D31B0017642E /* NSURLSession+HookSession.h */ = {isa = PBXFileReference; lastKnownFileType = sourcecode.c.h; path = "NSURLSession+HookSession.h"; sourceTree = "<group>"; };
		4F1D771B2394D31B0017642E /* NSURLSession+HookSession.m */ = {isa = PBXFileReference; lastKnownFileType = sourcecode.c.objc; path = "NSURLSession+HookSession.m"; sourceTree = "<group>"; };
/* End PBXFileReference section */

/* Begin PBXFrameworksBuildPhase section */
		4F1D76FB2394D2E60017642E /* Frameworks */ = {
			isa = PBXFrameworksBuildPhase;
			buildActionMask = 2147483647;
			files = (
			);
			runOnlyForDeploymentPostprocessing = 0;
		};
/* End PBXFrameworksBuildPhase section */

/* Begin PBXGroup section */
		4F1D76F52394D2E60017642E = {
			isa = PBXGroup;
			children = (
				4F1D77002394D2E60017642E /* BetweenSessionAndConnectionDemo */,
				4F1D76FF2394D2E60017642E /* Products */,
			);
			sourceTree = "<group>";
		};
		4F1D76FF2394D2E60017642E /* Products */ = {
			isa = PBXGroup;
			children = (
				4F1D76FE2394D2E60017642E /* BetweenSessionAndConnectionDemo.app */,
			);
			name = Products;
			sourceTree = "<group>";
		};
		4F1D77002394D2E60017642E /* BetweenSessionAndConnectionDemo */ = {
			isa = PBXGroup;
			children = (
				4F1D77012394D2E60017642E /* AppDelegate.h */,
				4F1D77022394D2E60017642E /* AppDelegate.m */,
				4F1D77042394D2E60017642E /* SceneDelegate.h */,
				4F1D77052394D2E60017642E /* SceneDelegate.m */,
				4F1D77072394D2E60017642E /* ViewController.h */,
				4F1D77082394D2E60017642E /* ViewController.m */,
				4F1D770A2394D2E60017642E /* Main.storyboard */,
				4F1D770D2394D2E70017642E /* Assets.xcassets */,
				4F1D770F2394D2E70017642E /* LaunchScreen.storyboard */,
				4F1D77122394D2E70017642E /* Info.plist */,
				4F1D77132394D2E70017642E /* main.m */,
				4F1D771A2394D31B0017642E /* NSURLSession+HookSession.h */,
				4F1D771B2394D31B0017642E /* NSURLSession+HookSession.m */,
			);
			path = BetweenSessionAndConnectionDemo;
			sourceTree = "<group>";
		};
/* End PBXGroup section */

/* Begin PBXNativeTarget section */
		4F1D76FD2394D2E60017642E /* BetweenSessionAndConnectionDemo */ = {
			isa = PBXNativeTarget;
			buildConfigurationList = 4F1D77172394D2E70017642E /* Build configuration list for PBXNativeTarget "BetweenSessionAndConnectionDemo" */;
			buildPhases = (
				4F1D76FA2394D2E60017642E /* Sources */,
				4F1D76FB2394D2E60017642E /* Frameworks */,
				4F1D76FC2394D2E60017642E /* Resources */,
			);
			buildRules = (
			);
			dependencies = (
			);
			name = BetweenSessionAndConnectionDemo;
			productName = BetweenSessionAndConnectionDemo;
			productReference = 4F1D76FE2394D2E60017642E /* BetweenSessionAndConnectionDemo.app */;
			productType = "com.apple.product-type.application";
		};
/* End PBXNativeTarget section */

/* Begin PBXProject section */
		4F1D76F62394D2E60017642E /* Project object */ = {
			isa = PBXProject;
			attributes = {
				LastUpgradeCheck = 1110;
				ORGANIZATIONNAME = Henry;
				TargetAttributes = {
					4F1D76FD2394D2E60017642E = {
						CreatedOnToolsVersion = 11.1;
					};
				};
			};
			buildConfigurationList = 4F1D76F92394D2E60017642E /* Build configuration list for PBXProject "BetweenSessionAndConnectionDemo" */;
			compatibilityVersion = "Xcode 9.3";
			developmentRegion = en;
			hasScannedForEncodings = 0;
			knownRegions = (
				en,
				Base,
			);
			mainGroup = 4F1D76F52394D2E60017642E;
			productRefGroup = 4F1D76FF2394D2E60017642E /* Products */;
			projectDirPath = "";
			projectRoot = "";
			targets = (
				4F1D76FD2394D2E60017642E /* BetweenSessionAndConnectionDemo */,
			);
		};
/* End PBXProject section */

/* Begin PBXResourcesBuildPhase section */
		4F1D76FC2394D2E60017642E /* Resources */ = {
			isa = PBXResourcesBuildPhase;
			buildActionMask = 2147483647;
			files = (
				4F1D77112394D2E70017642E /* LaunchScreen.storyboard in Resources */,
				4F1D770E2394D2E70017642E /* Assets.xcassets in Resources */,
				4F1D770C2394D2E60017642E /* Main.storyboard in Resources */,
			);
			runOnlyForDeploymentPostprocessing = 0;
		};
/* End PBXResourcesBuildPhase section */

/* Begin PBXSourcesBuildPhase section */
		4F1D76FA2394D2E60017642E /* Sources */ = {
			isa = PBXSourcesBuildPhase;
			buildActionMask = 2147483647;
			files = (
				4F1D771C2394D31B0017642E /* NSURLSession+HookSession.m in Sources */,
				4F1D77092394D2E60017642E /* ViewController.m in Sources */,
				4F1D77032394D2E60017642E /* AppDelegate.m in Sources */,
				4F1D77142394D2E70017642E /* main.m in Sources */,
				4F1D77062394D2E60017642E /* SceneDelegate.m in Sources */,
			);
			runOnlyForDeploymentPostprocessing = 0;
		};
/* End PBXSourcesBuildPhase section */

/* Begin PBXVariantGroup section */
		4F1D770A2394D2E60017642E /* Main.storyboard */ = {
			isa = PBXVariantGroup;
			children = (
				4F1D770B2394D2E60017642E /* Base */,
			);
			name = Main.storyboard;
			sourceTree = "<group>";
		};
		4F1D770F2394D2E70017642E /* LaunchScreen.storyboard */ = {
			isa = PBXVariantGroup;
			children = (
				4F1D77102394D2E70017642E /* Base */,
			);
			name = LaunchScreen.storyboard;
			sourceTree = "<group>";
		};
/* End PBXVariantGroup section */

/* Begin XCBuildConfiguration section */
		4F1D77152394D2E70017642E /* Debug */ = {
			isa = XCBuildConfiguration;
			buildSettings = {
				ALWAYS_SEARCH_USER_PATHS = NO;
				CLANG_ANALYZER_NONNULL = YES;
				CLANG_ANALYZER_NUMBER_OBJECT_CONVERSION = YES_AGGRESSIVE;
				CLANG_CXX_LANGUAGE_STANDARD = "gnu++14";
				CLANG_CXX_LIBRARY = "libc++";
				CLANG_ENABLE_MODULES = YES;
				CLANG_ENABLE_OBJC_ARC = YES;
				CLANG_ENABLE_OBJC_WEAK = YES;
				CLANG_WARN_BLOCK_CAPTURE_AUTORELEASING = YES;
				CLANG_WARN_BOOL_CONVERSION = YES;
				CLANG_WARN_COMMA = YES;
				CLANG_WARN_CONSTANT_CONVERSION = YES;
				CLANG_WARN_DEPRECATED_OBJC_IMPLEMENTATIONS = YES;
				CLANG_WARN_DIRECT_OBJC_ISA_USAGE = YES_ERROR;
				CLANG_WARN_DOCUMENTATION_COMMENTS = YES;
				CLANG_WARN_EMPTY_BODY = YES;
				CLANG_WARN_ENUM_CONVERSION = YES;
				CLANG_WARN_INFINITE_RECURSION = YES;
				CLANG_WARN_INT_CONVERSION = YES;
				CLANG_WARN_NON_LITERAL_NULL_CONVERSION = YES;
				CLANG_WARN_OBJC_IMPLICIT_RETAIN_SELF = YES;
				CLANG_WARN_OBJC_LITERAL_CONVERSION = YES;
				CLANG_WARN_OBJC_ROOT_CLASS = YES_ERROR;
				CLANG_WARN_RANGE_LOOP_ANALYSIS = YES;
				CLANG_WARN_STRICT_PROTOTYPES = YES;
				CLANG_WARN_SUSPICIOUS_MOVE = YES;
				CLANG_WARN_UNGUARDED_AVAILABILITY = YES_AGGRESSIVE;
				CLANG_WARN_UNREACHABLE_CODE = YES;
				CLANG_WARN__DUPLICATE_METHOD_MATCH = YES;
				COPY_PHASE_STRIP = NO;
				DEBUG_INFORMATION_FORMAT = dwarf;
				ENABLE_STRICT_OBJC_MSGSEND = YES;
				ENABLE_TESTABILITY = YES;
				GCC_C_LANGUAGE_STANDARD = gnu11;
				GCC_DYNAMIC_NO_PIC = NO;
				GCC_NO_COMMON_BLOCKS = YES;
				GCC_OPTIMIZATION_LEVEL = 0;
				GCC_PREPROCESSOR_DEFINITIONS = (
					"DEBUG=1",
					"$(inherited)",
				);
				GCC_WARN_64_TO_32_BIT_CONVERSION = YES;
				GCC_WARN_ABOUT_RETURN_TYPE = YES_ERROR;
				GCC_WARN_UNDECLARED_SELECTOR = YES;
				GCC_WARN_UNINITIALIZED_AUTOS = YES_AGGRESSIVE;
				GCC_WARN_UNUSED_FUNCTION = YES;
				GCC_WARN_UNUSED_VARIABLE = YES;
				IPHONEOS_DEPLOYMENT_TARGET = 13.1;
				MTL_ENABLE_DEBUG_INFO = INCLUDE_SOURCE;
				MTL_FAST_MATH = YES;
				ONLY_ACTIVE_ARCH = YES;
				SDKROOT = iphoneos;
			};
			name = Debug;
		};
		4F1D77162394D2E70017642E /* Release */ = {
			isa = XCBuildConfiguration;
			buildSettings = {
				ALWAYS_SEARCH_USER_PATHS = NO;
				CLANG_ANALYZER_NONNULL = YES;
				CLANG_ANALYZER_NUMBER_OBJECT_CONVERSION = YES_AGGRESSIVE;
				CLANG_CXX_LANGUAGE_STANDARD = "gnu++14";
				CLANG_CXX_LIBRARY = "libc++";
				CLANG_ENABLE_MODULES = YES;
				CLANG_ENABLE_OBJC_ARC = YES;
				CLANG_ENABLE_OBJC_WEAK = YES;
				CLANG_WARN_BLOCK_CAPTURE_AUTORELEASING = YES;
				CLANG_WARN_BOOL_CONVERSION = YES;
				CLANG_WARN_COMMA = YES;
				CLANG_WARN_CONSTANT_CONVERSION = YES;
				CLANG_WARN_DEPRECATED_OBJC_IMPLEMENTATIONS = YES;
				CLANG_WARN_DIRECT_OBJC_ISA_USAGE = YES_ERROR;
				CLANG_WARN_DOCUMENTATION_COMMENTS = YES;
				CLANG_WARN_EMPTY_BODY = YES;
				CLANG_WARN_ENUM_CONVERSION = YES;
				CLANG_WARN_INFINITE_RECURSION = YES;
				CLANG_WARN_INT_CONVERSION = YES;
				CLANG_WARN_NON_LITERAL_NULL_CONVERSION = YES;
				CLANG_WARN_OBJC_IMPLICIT_RETAIN_SELF = YES;
				CLANG_WARN_OBJC_LITERAL_CONVERSION = YES;
				CLANG_WARN_OBJC_ROOT_CLASS = YES_ERROR;
				CLANG_WARN_RANGE_LOOP_ANALYSIS = YES;
				CLANG_WARN_STRICT_PROTOTYPES = YES;
				CLANG_WARN_SUSPICIOUS_MOVE = YES;
				CLANG_WARN_UNGUARDED_AVAILABILITY = YES_AGGRESSIVE;
				CLANG_WARN_UNREACHABLE_CODE = YES;
				CLANG_WARN__DUPLICATE_METHOD_MATCH = YES;
				COPY_PHASE_STRIP = NO;
				DEBUG_INFORMATION_FORMAT = "dwarf-with-dsym";
				ENABLE_NS_ASSERTIONS = NO;
				ENABLE_STRICT_OBJC_MSGSEND = YES;
				GCC_C_LANGUAGE_STANDARD = gnu11;
				GCC_NO_COMMON_BLOCKS = YES;
				GCC_WARN_64_TO_32_BIT_CONVERSION = YES;
				GCC_WARN_ABOUT_RETURN_TYPE = YES_ERROR;
				GCC_WARN_UNDECLARED_SELECTOR = YES;
				GCC_WARN_UNINITIALIZED_AUTOS = YES_AGGRESSIVE;
				GCC_WARN_UNUSED_FUNCTION = YES;
				GCC_WARN_UNUSED_VARIABLE = YES;
				IPHONEOS_DEPLOYMENT_TARGET = 13.1;
				MTL_ENABLE_DEBUG_INFO = NO;
				MTL_FAST_MATH = YES;
				SDKROOT = iphoneos;
				VALIDATE_PRODUCT = YES;
			};
			name = Release;
		};
		4F1D77182394D2E70017642E /* Debug */ = {
			isa = XCBuildConfiguration;
			buildSettings = {
				ASSETCATALOG_COMPILER_APPICON_NAME = AppIcon;
				CODE_SIGN_STYLE = Automatic;
				DEVELOPMENT_TEAM = UU3DS6HAQ3;
				INFOPLIST_FILE = BetweenSessionAndConnectionDemo/Info.plist;
				LD_RUNPATH_SEARCH_PATHS = (
					"$(inherited)",
					"@executable_path/Frameworks",
				);
				PRODUCT_BUNDLE_IDENTIFIER = com.zColdWater.www.BetweenSessionAndConnectionDemo;
				PRODUCT_NAME = "$(TARGET_NAME)";
				TARGETED_DEVICE_FAMILY = "1,2";
			};
			name = Debug;
		};
		4F1D77192394D2E70017642E /* Release */ = {
			isa = XCBuildConfiguration;
			buildSettings = {
				ASSETCATALOG_COMPILER_APPICON_NAME = AppIcon;
				CODE_SIGN_STYLE = Automatic;
				DEVELOPMENT_TEAM = UU3DS6HAQ3;
				INFOPLIST_FILE = BetweenSessionAndConnectionDemo/Info.plist;
				LD_RUNPATH_SEARCH_PATHS = (
					"$(inherited)",
					"@executable_path/Frameworks",
				);
				PRODUCT_BUNDLE_IDENTIFIER = com.zColdWater.www.BetweenSessionAndConnectionDemo;
				PRODUCT_NAME = "$(TARGET_NAME)";
				TARGETED_DEVICE_FAMILY = "1,2";
			};
			name = Release;
		};
/* End XCBuildConfiguration section */

/* Begin XCConfigurationList section */
		4F1D76F92394D2E60017642E /* Build configuration list for PBXProject "BetweenSessionAndConnectionDemo" */ = {
			isa = XCConfigurationList;
			buildConfigurations = (
				4F1D77152394D2E70017642E /* Debug */,
				4F1D77162394D2E70017642E /* Release */,
			);
			defaultConfigurationIsVisible = 0;
			defaultConfigurationName = Release;
		};
		4F1D77172394D2E70017642E /* Build configuration list for PBXNativeTarget "BetweenSessionAndConnectionDemo" */ = {
			isa = XCConfigurationList;
			buildConfigurations = (
				4F1D77182394D2E70017642E /* Debug */,
				4F1D77192394D2E70017642E /* Release */,
			);
			defaultConfigurationIsVisible = 0;
			defaultConfigurationName = Release;
		};
/* End XCConfigurationList section */
	};
	rootObject = 4F1D76F62394D2E60017642E /* Project object */;
}
